
Microsoft Visual Studio Solution File, Format Version 12.00
# Visual Studio Version 17
VisualStudioVersion = 17.9.34728.123
MinimumVisualStudioVersion = 10.0.40219.1
Project("{FAE04EC0-301F-11D3-BF4B-00C04F79EFBC}") = "NumeroPrimo", "NumeroPrimo\NumeroPrimo.csproj", "{8FE77080-849D-4E81-8BAD-659AB044472F}"
EndProject
Global
	GlobalSection(SolutionConfigurationPlatforms) = preSolution
		Debug|Any CPU = Debug|Any CPU
		Release|Any CPU = Release|Any CPU
	EndGlobalSection
	GlobalSection(ProjectConfigurationPlatforms) = postSolution
		{8FE77080-849D-4E81-8BAD-659AB044472F}.Debug|Any CPU.ActiveCfg = Debug|Any CPU
		{8FE77080-849D-4E81-8BAD-659AB044472F}.Debug|Any CPU.Build.0 = Debug|Any CPU
		{8FE77080-849D-4E81-8BAD-659AB044472F}.Release|Any CPU.ActiveCfg = Release|Any CPU
		{8FE77080-849D-4E81-8BAD-659AB044472F}.Release|Any CPU.Build.0 = Release|Any CPU
	EndGlobalSection
	GlobalSection(SolutionProperties) = preSolution
		HideSolutionNode = FALSE
	EndGlobalSection
	GlobalSection(ExtensibilityGlobals) = postSolution
		SolutionGuid = {87D1AE2D-9F6F-48FB-B5BF-B999408A3870}
	EndGlobalSection
EndGlobal
